
Microsoft Visual Studio Solution File, Format Version 12.00
# Visual Studio Version 16
VisualStudioVersion = 16.0.30523.141
MinimumVisualStudioVersion = 10.0.40219.1
Project("{FAE04EC0-301F-11D3-BF4B-00C04F79EFBC}") = "Pelicula", "Pelicula.csproj", "{289E9F3F-5C47-4DDC-A3DA-24F60D170855}"
EndProject
Project("{FAE04EC0-301F-11D3-BF4B-00C04F79EFBC}") = "PeliculaTest", "PeliculaTest\PeliculaTest.csproj", "{9E8FDD64-99A6-44E5-842C-D66E0AF49D0C}"
EndProject
Global
	GlobalSection(SolutionConfigurationPlatforms) = preSolution
		Debug|Any CPU = Debug|Any CPU
		Release|Any CPU = Release|Any CPU
	EndGlobalSection
	GlobalSection(ProjectConfigurationPlatforms) = postSolution
		{289E9F3F-5C47-4DDC-A3DA-24F60D170855}.Debug|Any CPU.ActiveCfg = Debug|Any CPU
		{289E9F3F-5C47-4DDC-A3DA-24F60D170855}.Debug|Any CPU.Build.0 = Debug|Any CPU
		{289E9F3F-5C47-4DDC-A3DA-24F60D170855}.Release|Any CPU.ActiveCfg = Release|Any CPU
		{289E9F3F-5C47-4DDC-A3DA-24F60D170855}.Release|Any CPU.Build.0 = Release|Any CPU
		{9E8FDD64-99A6-44E5-842C-D66E0AF49D0C}.Debug|Any CPU.ActiveCfg = Debug|Any CPU
		{9E8FDD64-99A6-44E5-842C-D66E0AF49D0C}.Debug|Any CPU.Build.0 = Debug|Any CPU
		{9E8FDD64-99A6-44E5-842C-D66E0AF49D0C}.Release|Any CPU.ActiveCfg = Release|Any CPU
		{9E8FDD64-99A6-44E5-842C-D66E0AF49D0C}.Release|Any CPU.Build.0 = Release|Any CPU
	EndGlobalSection
	GlobalSection(SolutionProperties) = preSolution
		HideSolutionNode = FALSE
	EndGlobalSection
	GlobalSection(ExtensibilityGlobals) = postSolution
		SolutionGuid = {8BDD3E09-7175-4511-9CEE-9384A7B952EE}
	EndGlobalSection
EndGlobal
